{
  "nodes": {
    "coyote": {
      "flake": false,
      "locked": {
        "lastModified": 1787578084,
        "narHash": "sha256-jEyQiLTuUwtKH//4+wFRJnUjAkkSAYBqzHnBXEL/8Jg=",
        "owner": "taugoust",
        "repo": "Coyote",
        "rev": "c30aed6aac90c90daf0c5aa335d0cc38d128702f",
        "type": "github"
      },
      "original": {
        "owner": "taugoust",
        "repo": "Coyote",
        "rev": "c30aed6aac90c90daf0c5aa335d0cc38d128702f",
        "type": "github"
      }
    },
    "coyote-nix": {
      "inputs": {
        "coyote": [
          "qshell",
          "coyote"
        ],
        "flake-utils": [
          "qshell",
          "flake-utils"
        ],
        "nixpkgs": [
          "qshell",
          "nixpkgs"
        ]
      },
      "locked": {
        "lastModified": 1787576346,
        "narHash": "sha256-LVTcddeaIlPkKe8prPhYFy+i9FzHZ/UY95wmSNgpQwY=",
        "owner": "TUM-DSE",
        "repo": "coyote-nix",
        "rev": "23612d574174ef4db7de6b7b67ac46b83b8aa8c5",
        "type": "github"
      },
      "original": {
        "owner": "TUM-DSE",
        "repo": "coyote-nix",
        "rev": "23612d574174ef4db7de6b7b67ac46b83b8aa8c5",
        "type": "github"
      }
    },
    "crane": {
      "locked": {
        "lastModified": 1779041105,
        "narHash": "sha256-nnGD2f8OlAZT2i5OfwikJsw+ifWfiA4d6A8BWlgOXV0=",
        "owner": "ipetkov",
        "repo": "crane",
        "rev": "10e6e3cb966f7cfcc789fe5eee7a85f3188ce08b",
        "type": "github"
      },
      "original": {
        "owner": "ipetkov",
        "ref": "v0.23.4",
        "repo": "crane",
        "type": "github"
      }
    },
    "crane_2": {
      "locked": {
        "lastModified": 1781825982,
        "narHash": "sha256-SlXKwIRIhrOSAcTjCB3ftPLzJWZStQIPS7J1FlZPnKk=",
        "owner": "ipetkov",
        "repo": "crane",
        "rev": "469fd08d0bcf6926321fa973c6777fbc87785dd7",
        "type": "github"
      },
      "original": {
        "owner": "ipetkov",
        "repo": "crane",
        "type": "github"
      }
    },
    "cuda-legacy": {
      "inputs": {
        "flake-parts": [
          "qshell",
          "doctor-cluster-xilinx",
          "doctor-cluster-config",
          "jetpack-nixos",
          "cuda-legacy"
        ],
        "nixpkgs": [
          "qshell",
          "doctor-cluster-xilinx",
          "doctor-cluster-config",
          "jetpack-nixos",
          "nixpkgs"
        ]
      },
      "locked": {
        "lastModified": 1768505959,
        "narHash": "sha256-oFCx/ApQ+S1/apUKWsvT9vq+Eo1m2vINWEDkW7/nckA=",
        "owner": "nixos-cuda",
        "repo": "cuda-legacy",
        "rev": "86ad7e2c2e314f0234539cbbc66b5cd7746bcd32",
        "type": "github"
      },
      "original": {
        "owner": "nixos-cuda",
        "repo": "cuda-legacy",
        "type": "github"
      }
    },
    "disko": {
      "inputs": {
        "nixpkgs": [
          "qshell",
          "doctor-cluster-xilinx",
          "doctor-cluster-config",
          "nixpkgs"
        ]
      },
      "locked": {
        "lastModified": 1781152676,
        "narHash": "sha256-RxWs5ND31KzTG7wvMM+PMfUjyNpmIEr999lqNARaM5o=",
        "owner": "nix-community",
        "repo": "disko",
        "rev": "ff8702b4de27f72b4c78573dfb89ec74e36abdf1",
        "type": "github"
      },
      "original": {
        "owner": "nix-community",
        "repo": "disko",
        "type": "github"
      }
    },
    "doctor-cluster-config": {
      "inputs": {
        "crane": "crane_2",
        "disko": "disko",
        "fast-nix-gc": "fast-nix-gc",
        "flake-parts": "flake-parts",
        "flake-registry": "flake-registry",
        "home-manager": "home-manager",
        "hosthog": "hosthog",
        "jetpack-nixos": "jetpack-nixos",
        "niks3": "niks3",
        "nix-index-database": "nix-index-database",
        "nixbot": "nixbot",
        "nixos-apple-silicon": "nixos-apple-silicon",
        "nixos-generators": "nixos-generators",
        "nixos-hardware": "nixos-hardware",
        "nixpkgs": "nixpkgs_2",
        "retiolum": "retiolum",
        "sops-nix": "sops-nix",
        "srvos": "srvos",
        "tincr": "tincr",
        "treefmt-nix": "treefmt-nix",
        "tribuchet": "tribuchet"
      },
      "locked": {
        "lastModified": 1782725935,
        "narHash": "sha256-tUx2q7lOl9x9Ugr2SyqgBF8kuF9yv99mi9av5fyWUeg=",
        "ref": "refs/heads/master",
        "rev": "dd96381486741ffd8a7be3caf1e1e586c6f48efe",
        "revCount": 5170,
        "type": "git",
        "url": "ssh://git@github.com/TUM-DSE/doctor-cluster-config.git"
      },
      "original": {
        "type": "git",
        "url": "ssh://git@github.com/TUM-DSE/doctor-cluster-config.git"
      }
    },
    "doctor-cluster-xilinx": {
      "inputs": {
        "doctor-cluster-config": "doctor-cluster-config",
        "flake-utils": "flake-utils",
        "nixpkgs": [
          "qshell",
          "doctor-cluster-xilinx",
          "doctor-cluster-config",
          "nixpkgs"
        ]
      },
      "locked": {
        "lastModified": 1782811272,
        "narHash": "sha256-IiamOq9WADvEBsMZmxyt960I8TPEjB4CR5LubXf3jyc=",
        "ref": "refs/heads/master",
        "rev": "b60a95c7572f25d3e95bb0dfb2160775e73184ab",
        "revCount": 7,
        "type": "git",
        "url": "ssh://git@github.com/TUM-DSE/doctor-cluster-xilinx.git"
      },
      "original": {
        "type": "git",
        "url": "ssh://git@github.com/TUM-DSE/doctor-cluster-xilinx.git"
      }
    },
    "fast-nix-gc": {
      "inputs": {
        "nix-darwin": "nix-darwin",
        "nixpkgs": [
          "qshell",
          "doctor-cluster-xilinx",
          "doctor-cluster-config",
          "nixpkgs"
        ],
        "treefmt-nix": [
          "qshell",
          "doctor-cluster-xilinx",
          "doctor-cluster-config",
          "treefmt-nix"
        ]
      },
      "locked": {
        "lastModified": 1782555524,
        "narHash": "sha256-bc7MIBFxpUwEbA4LAolqtGwE9tQLR3770npYeSnqsfA=",
        "owner": "Mic92",
        "repo": "fast-nix-gc",
        "rev": "f1b896ed2e910197cf804718c608e48df04933e6",
        "type": "github"
      },
      "original": {
        "owner": "Mic92",
        "repo": "fast-nix-gc",
        "type": "github"
      }
    },
    "fenix": {
      "inputs": {
        "nixpkgs": [
          "nixpkgs"
        ],
        "rust-analyzer-src": "rust-analyzer-src"
      },
      "locked": {
        "lastModified": 1785400495,
        "narHash": "sha256-1lYcRFp9AzhPjj0kY/5sru9vKFU4VV9v70iPQOayqIc=",
        "owner": "nix-community",
        "repo": "fenix",
        "rev": "a130a35700abbfb1e96ce47e4f0bee7e76ddfcc1",
        "type": "github"
      },
      "original": {
        "owner": "nix-community",
        "repo": "fenix",
        "type": "github"
      }
    },
    "fenix_2": {
      "inputs": {
        "nixpkgs": [
          "qshell",
          "doctor-cluster-xilinx",
          "doctor-cluster-config",
          "hosthog",
          "nixpkgs"
        ],
        "rust-analyzer-src": "rust-analyzer-src_2"
      },
      "locked": {
        "lastModified": 1775029908,
        "narHash": "sha256-QuPn+EN/097aBLeSqbQ7vOwc5TSOb68bAxg1+mknfmw=",
        "owner": "nix-community",
        "repo": "fenix",
        "rev": "380f1969f440e683333af5746caac76811b4a1a8",
        "type": "github"
      },
      "original": {
        "owner": "nix-community",
        "repo": "fenix",
        "type": "github"
      }
    },
    "flake-parts": {
      "inputs": {
        "nixpkgs-lib": [
          "qshell",
          "doctor-cluster-xilinx",
          "doctor-cluster-config",
          "nixpkgs"
        ]
      },
      "locked": {
        "lastModified": 1778716662,
        "narHash": "sha256-m1Yf0wZ8j1OHjTc2UwHwyQRSnNeSgLJOd7q5Y45hzi4=",
        "owner": "hercules-ci",
        "repo": "flake-parts",
        "rev": "f7c1a2d347e4c52d5fb8d10cb4d94b5884e546fb",
        "type": "github"
      },
      "original": {
        "owner": "hercules-ci",
        "repo": "flake-parts",
        "type": "github"
      }
    },
    "flake-registry": {
      "flake": false,
      "locked": {
        "lastModified": 1763556067,
        "narHash": "sha256-q2jzJQdsJMpD3dbuNphQJgwx6XeGPonWOp43U0nY7o0=",
        "owner": "NixOS",
        "repo": "flake-registry",
        "rev": "cb70c9306b44501de412649c356dee503a25f119",
        "type": "github"
      },
      "original": {
        "owner": "NixOS",
        "repo": "flake-registry",
        "type": "github"
      }
    },
    "flake-utils": {
      "inputs": {
        "systems": "systems"
      },
      "locked": {
        "lastModified": 1731533236,
        "narHash": "sha256-l0KFg5HjrsfsO/JpG+r7fRrqm12kzFHyUHqHCVpMMbI=",
        "owner": "numtide",
        "repo": "flake-utils",
        "rev": "11707dc2f618dd54ca8739b309ec4fc024de578b",
        "type": "github"
      },
      "original": {
        "owner": "numtide",
        "repo": "flake-utils",
        "type": "github"
      }
    },
    "flake-utils_2": {
      "inputs": {
        "systems": "systems_2"
      },
      "locked": {
        "lastModified": 1731533236,
        "narHash": "sha256-l0KFg5HjrsfsO/JpG+r7fRrqm12kzFHyUHqHCVpMMbI=",
        "owner": "numtide",
        "repo": "flake-utils",
        "rev": "11707dc2f618dd54ca8739b309ec4fc024de578b",
        "type": "github"
      },
      "original": {
        "owner": "numtide",
        "repo": "flake-utils",
        "type": "github"
      }
    },
    "home-manager": {
      "inputs": {
        "nixpkgs": [
          "qshell",
          "doctor-cluster-xilinx",
          "doctor-cluster-config",
          "nixpkgs"
        ]
      },
      "locked": {
        "lastModified": 1781981105,
        "narHash": "sha256-/1nNBbA7PrSQpTc9Qazkhl4kIPg+TNl0CjxS3UQJKlw=",
        "owner": "nix-community",
        "repo": "home-manager",
        "rev": "7bfff44b465909f69a442701293bc0badcf476dc",
        "type": "github"
      },
      "original": {
        "owner": "nix-community",
        "ref": "release-26.05",
        "repo": "home-manager",
        "type": "github"
      }
    },
    "hosthog": {
      "inputs": {
        "fenix": "fenix_2",
        "flake-parts": [
          "qshell",
          "doctor-cluster-xilinx",
          "doctor-cluster-config",
          "flake-parts"
        ],
        "nixpkgs": [
          "qshell",
          "doctor-cluster-xilinx",
          "doctor-cluster-config",
          "nixpkgs"
        ]
      },
      "locked": {
        "lastModified": 1775054693,
        "narHash": "sha256-kzXPRmK+09IhoiYp5G99SStIwFtACzgfeMwsOngn7wg=",
        "owner": "pogobanane",
        "repo": "hosthog",
        "rev": "bd945c3b6fc8709818dfc8e94d99a0e03b99ff91",
        "type": "github"
      },
      "original": {
        "owner": "pogobanane",
        "repo": "hosthog",
        "type": "github"
      }
    },
    "jetpack-nixos": {
      "inputs": {
        "cuda-legacy": "cuda-legacy",
        "nixpkgs": [
          "qshell",
          "doctor-cluster-xilinx",
          "doctor-cluster-config",
          "nixpkgs"
        ]
      },
      "locked": {
        "lastModified": 1780404819,
        "narHash": "sha256-ByM0l0eZByUMzf9lzVE9j3RDtYqb8Dp3EMeWDhc+zDY=",
        "ref": "no-overlay",
        "rev": "111f61a5c17af4d2769681c83a10d191ef2cc15b",
        "shallow": true,
        "type": "git",
        "url": "https://github.com/TUM-DSE/jetpack-nixos.git"
      },
      "original": {
        "ref": "no-overlay",
        "shallow": true,
        "type": "git",
        "url": "https://github.com/TUM-DSE/jetpack-nixos.git"
      }
    },
    "niks3": {
      "inputs": {
        "nixpkgs": [
          "qshell",
          "doctor-cluster-xilinx",
          "doctor-cluster-config",
          "nixpkgs"
        ],
        "treefmt-nix": [
          "qshell",
          "doctor-cluster-xilinx",
          "doctor-cluster-config",
          "treefmt-nix"
        ]
      },
      "locked": {
        "lastModified": 1782725449,
        "narHash": "sha256-nVJVk00K36bCwI/+3lFl2LMMNSTrrZjBH8L75p/TWn0=",
        "owner": "Mic92",
        "repo": "niks3",
        "rev": "11c13eef3a9b19233fda6b8b8940e1d92db45c9e",
        "type": "github"
      },
      "original": {
        "owner": "Mic92",
        "repo": "niks3",
        "type": "github"
      }
    },
    "nix-darwin": {
      "inputs": {
        "nixpkgs": [
          "qshell",
          "doctor-cluster-xilinx",
          "doctor-cluster-config",
          "fast-nix-gc",
          "nixpkgs"
        ]
      },
      "locked": {
        "lastModified": 1781761792,
        "narHash": "sha256-rCPytmKNjctLloB6UgK5CRrHSwV4b0ygxtJLPPp8R14=",
        "owner": "nix-darwin",
        "repo": "nix-darwin",
        "rev": "a1fa429e945becaf60468600daf649be4ba0350c",
        "type": "github"
      },
      "original": {
        "owner": "nix-darwin",
        "repo": "nix-darwin",
        "type": "github"
      }
    },
    "nix-darwin_2": {
      "inputs": {
        "nixpkgs": [
          "qshell",
          "doctor-cluster-xilinx",
          "doctor-cluster-config",
          "retiolum",
          "nixpkgs"
        ]
      },
      "locked": {
        "lastModified": 1751313918,
        "narHash": "sha256-HsJM3XLa43WpG+665aGEh8iS8AfEwOIQWk3Mke3e7nk=",
        "owner": "nix-darwin",
        "repo": "nix-darwin",
        "rev": "e04a388232d9a6ba56967ce5b53a8a6f713cdfcf",
        "type": "github"
      },
      "original": {
        "owner": "nix-darwin",
        "repo": "nix-darwin",
        "type": "github"
      }
    },
    "nix-darwin_3": {
      "inputs": {
        "nixpkgs": [
          "qshell",
          "doctor-cluster-xilinx",
          "doctor-cluster-config",
          "tribuchet",
          "nixpkgs"
        ]
      },
      "locked": {
        "lastModified": 1781761792,
        "narHash": "sha256-rCPytmKNjctLloB6UgK5CRrHSwV4b0ygxtJLPPp8R14=",
        "owner": "nix-darwin",
        "repo": "nix-darwin",
        "rev": "a1fa429e945becaf60468600daf649be4ba0350c",
        "type": "github"
      },
      "original": {
        "owner": "nix-darwin",
        "repo": "nix-darwin",
        "type": "github"
      }
    },
    "nix-index-database": {
      "inputs": {
        "nixpkgs": [
          "qshell",
          "doctor-cluster-xilinx",
          "doctor-cluster-config",
          "nixpkgs"
        ]
      },
      "locked": {
        "lastModified": 1782636943,
        "narHash": "sha256-ripjZa7BBLwL1uS5VJF3s/VpZpWt5ZIQEvkJ/FJNpQw=",
        "owner": "Mic92",
        "repo": "nix-index-database",
        "rev": "058b1f9381fa79fcda49982370a750ff92dbba43",
        "type": "github"
      },
      "original": {
        "owner": "Mic92",
        "repo": "nix-index-database",
        "type": "github"
      }
    },
    "nixbot": {
      "inputs": {
        "nixpkgs": [
          "qshell",
          "doctor-cluster-xilinx",
          "doctor-cluster-config",
          "nixpkgs"
        ],
        "treefmt-nix": [
          "qshell",
          "doctor-cluster-xilinx",
          "doctor-cluster-config",
          "treefmt-nix"
        ]
      },
      "locked": {
        "lastModified": 1781708258,
        "narHash": "sha256-bOmYmRF2xrqfY1QDFURu7z+JjWrlnsv/6/e2ENdDGAI=",
        "owner": "Mic92",
        "repo": "nixbot",
        "rev": "503d64c5a02c73c324f61f4f6e3544fc96345a27",
        "type": "github"
      },
      "original": {
        "owner": "Mic92",
        "repo": "nixbot",
        "type": "github"
      }
    },
    "nixos-apple-silicon": {
      "inputs": {
        "flake-compat": [
          "qshell",
          "doctor-cluster-xilinx",
          "doctor-cluster-config"
        ],
        "nixpkgs": [
          "qshell",
          "doctor-cluster-xilinx",
          "doctor-cluster-config",
          "nixpkgs"
        ]
      },
      "locked": {
        "lastModified": 1781108254,
        "narHash": "sha256-acCLKPvXbyLVd8Vui/6GuQp2JQ409riBOe00nr/qe+w=",
        "owner": "nix-community",
        "repo": "nixos-apple-silicon",
        "rev": "53ae7e036433331013bd7c03ae927da554482816",
        "type": "github"
      },
      "original": {
        "owner": "nix-community",
        "repo": "nixos-apple-silicon",
        "type": "github"
      }
    },
    "nixos-generators": {
      "inputs": {
        "nixlib": [
          "qshell",
          "doctor-cluster-xilinx",
          "doctor-cluster-config",
          "nixpkgs"
        ],
        "nixpkgs": [
          "qshell",
          "doctor-cluster-xilinx",
          "doctor-cluster-config",
          "nixpkgs"
        ]
      },
      "locked": {
        "lastModified": 1769813415,
        "narHash": "sha256-nnVmNNKBi1YiBNPhKclNYDORoHkuKipoz7EtVnXO50A=",
        "owner": "nix-community",
        "repo": "nixos-generators",
        "rev": "8946737ff703382fda7623b9fab071d037e897d5",
        "type": "github"
      },
      "original": {
        "owner": "nix-community",
        "repo": "nixos-generators",
        "type": "github"
      }
    },
    "nixos-hardware": {
      "inputs": {
        "nixpkgs": [
          "qshell",
          "doctor-cluster-xilinx",
          "doctor-cluster-config",
          "nixpkgs"
        ]
      },
      "locked": {
        "lastModified": 1781168557,
        "narHash": "sha256-LOnLQ2tpYF9gqIDDr3+j3DbpJJr/QCH6zPRT2GzEUOE=",
        "owner": "NixOS",
        "repo": "nixos-hardware",
        "rev": "6358ff76821101c178e3ab4919a62799bfe3652e",
        "type": "github"
      },
      "original": {
        "owner": "NixOS",
        "repo": "nixos-hardware",
        "type": "github"
      }
    },
    "nixpkgs": {
      "locked": {
        "lastModified": 1782847189,
        "narHash": "sha256-twXPFqFsrrY5r28Zh7Homgcp2gUMBgQ6WDS98Q/3xFI=",
        "owner": "NixOS",
        "repo": "nixpkgs",
        "rev": "b6018f87da91d19d0ab4cf979885689b469cdd41",
        "type": "github"
      },
      "original": {
        "owner": "NixOS",
        "ref": "nixos-25.11",
        "repo": "nixpkgs",
        "type": "github"
      }
    },
    "nixpkgs_2": {
      "locked": {
        "lastModified": 1780405895,
        "narHash": "sha256-jJDGhYAriet7RA6OPqAgLZ0IK/+rNbCi2j4BUXPlWfc=",
        "ref": "nixos-26.05-backports",
        "rev": "c33606e163dc55e985b1ec9a87a22694a081da47",
        "shallow": true,
        "type": "git",
        "url": "https://github.com/TUM-DSE/nixpkgs.git"
      },
      "original": {
        "ref": "nixos-26.05-backports",
        "shallow": true,
        "type": "git",
        "url": "https://github.com/TUM-DSE/nixpkgs.git"
      }
    },
    "pyproject-build-systems": {
      "inputs": {
        "nixpkgs": [
          "qshell",
          "xdb",
          "nixpkgs"
        ],
        "pyproject-nix": [
          "qshell",
          "xdb",
          "pyproject-nix"
        ],
        "uv2nix": [
          "qshell",
          "xdb",
          "uv2nix"
        ]
      },
      "locked": {
        "lastModified": 1786936886,
        "narHash": "sha256-8SFyOdmcG6Nsh/JzlH812lTI/v+ur06fpQhj/acNn8k=",
        "owner": "pyproject-nix",
        "repo": "build-system-pkgs",
        "rev": "90ffdeee1a4929b231913df067448cd9803d3e07",
        "type": "github"
      },
      "original": {
        "owner": "pyproject-nix",
        "repo": "build-system-pkgs",
        "type": "github"
      }
    },
    "pyproject-nix": {
      "inputs": {
        "nixpkgs": [
          "qshell",
          "xdb",
          "nixpkgs"
        ]
      },
      "locked": {
        "lastModified": 1786031528,
        "narHash": "sha256-cROiHKO3UbIKqF5FG5NikvydzlfIj4EcR1Cty9qOVt4=",
        "owner": "pyproject-nix",
        "repo": "pyproject.nix",
        "rev": "1b1485546d85f6f6c7aadb10c4923dbc09633263",
        "type": "github"
      },
      "original": {
        "owner": "pyproject-nix",
        "repo": "pyproject.nix",
        "type": "github"
      }
    },
    "qshell": {
      "inputs": {
        "coyote": "coyote",
        "coyote-nix": "coyote-nix",
        "doctor-cluster-xilinx": "doctor-cluster-xilinx",
        "flake-utils": "flake-utils_2",
        "nixpkgs": [
          "nixpkgs"
        ],
        "treefmt-nix": "treefmt-nix_2",
        "xdb": "xdb"
      },
      "locked": {
        "lastModified": 1787579319,
        "narHash": "sha256-XruoHDG19TOlHheBNPibv1uL5+OZEHeqQW40NIYMSQc=",
        "ref": "coprocessor-hybrid-services",
        "rev": "5faaf403931b5791fc9c3f51e9c26dac5475e8de",
        "revCount": 79,
        "type": "git",
        "url": "ssh://git@github.com/TUM-DSE/QShell.git"
      },
      "original": {
        "ref": "coprocessor-hybrid-services",
        "type": "git",
        "url": "ssh://git@github.com/TUM-DSE/QShell.git"
      }
    },
    "retiolum": {
      "inputs": {
        "nix-darwin": "nix-darwin_2",
        "nixpkgs": [
          "qshell",
          "doctor-cluster-xilinx",
          "doctor-cluster-config",
          "nixpkgs"
        ]
      },
      "locked": {
        "lastModified": 1781520557,
        "narHash": "sha256-Y+YZ43PGRMCFFntIcm72Iqrb/mtaKmcMHGr91dFkE9k=",
        "owner": "Mic92",
        "repo": "retiolum",
        "rev": "940e6ba573d3dc05e918b9f1d0ac489dfeb05f11",
        "type": "github"
      },
      "original": {
        "owner": "Mic92",
        "repo": "retiolum",
        "type": "github"
      }
    },
    "root": {
      "inputs": {
        "coyote": [
          "qshell",
          "coyote"
        ],
        "coyote-nix": [
          "qshell",
          "coyote-nix"
        ],
        "crane": "crane",
        "doctor-cluster-xilinx": [
          "qshell",
          "doctor-cluster-xilinx"
        ],
        "fenix": "fenix",
        "nixpkgs": "nixpkgs",
        "qshell": "qshell",
        "treefmt-nix": "treefmt-nix_4"
      }
    },
    "rust-analyzer-src": {
      "flake": false,
      "locked": {
        "lastModified": 1785369962,
        "narHash": "sha256-Mi11wW0wbfBtnq+0jLHzgSlvFvzAOSu+nTRsXEvmNZ8=",
        "owner": "rust-lang",
        "repo": "rust-analyzer",
        "rev": "b2abc7e727d7139f94352c58f8f937ea875abb68",
        "type": "github"
      },
      "original": {
        "owner": "rust-lang",
        "ref": "nightly",
        "repo": "rust-analyzer",
        "type": "github"
      }
    },
    "rust-analyzer-src_2": {
      "flake": false,
      "locked": {
        "lastModified": 1774948198,
        "narHash": "sha256-oVPo0/3CXM/5uFKu1ZwP7osSV2tiQIFU09Y3UzNbm7g=",
        "owner": "rust-lang",
        "repo": "rust-analyzer",
        "rev": "63b3eff38ef1c216480147dd53b0e4365d55f269",
        "type": "github"
      },
      "original": {
        "owner": "rust-lang",
        "ref": "nightly",
        "repo": "rust-analyzer",
        "type": "github"
      }
    },
    "sops-nix": {
      "inputs": {
        "nixpkgs": [
          "qshell",
          "doctor-cluster-xilinx",
          "doctor-cluster-config",
          "nixpkgs"
        ]
      },
      "locked": {
        "lastModified": 1782165805,
        "narHash": "sha256-478kKQBvK6SYTOdN2h9jhKJv94nbXRbFMfuL1WshErg=",
        "owner": "Mic92",
        "repo": "sops-nix",
        "rev": "56b24064fdcaedca53553b1a6d607fd23b613a24",
        "type": "github"
      },
      "original": {
        "owner": "Mic92",
        "repo": "sops-nix",
        "type": "github"
      }
    },
    "srvos": {
      "inputs": {
        "nixpkgs": [
          "qshell",
          "doctor-cluster-xilinx",
          "doctor-cluster-config",
          "nixpkgs"
        ]
      },
      "locked": {
        "lastModified": 1782700116,
        "narHash": "sha256-E63+nvH3jkAt/hBxhMa5aykstXdqRvBSeqNRDpQNv78=",
        "owner": "numtide",
        "repo": "srvos",
        "rev": "d45cf79058f2d42c0b0dd7912bedb5d14faa00ed",
        "type": "github"
      },
      "original": {
        "owner": "numtide",
        "repo": "srvos",
        "type": "github"
      }
    },
    "systems": {
      "locked": {
        "lastModified": 1681028828,
        "narHash": "sha256-Vy1rq5AaRuLzOxct8nz4T6wlgyUR7zLU309k9mBC768=",
        "owner": "nix-systems",
        "repo": "default",
        "rev": "da67096a3b9bf56a91d16901293e51ba5b49a27e",
        "type": "github"
      },
      "original": {
        "owner": "nix-systems",
        "repo": "default",
        "type": "github"
      }
    },
    "systems_2": {
      "locked": {
        "lastModified": 1681028828,
        "narHash": "sha256-Vy1rq5AaRuLzOxct8nz4T6wlgyUR7zLU309k9mBC768=",
        "owner": "nix-systems",
        "repo": "default",
        "rev": "da67096a3b9bf56a91d16901293e51ba5b49a27e",
        "type": "github"
      },
      "original": {
        "owner": "nix-systems",
        "repo": "default",
        "type": "github"
      }
    },
    "tincr": {
      "inputs": {
        "crane": [
          "qshell",
          "doctor-cluster-xilinx",
          "doctor-cluster-config",
          "crane"
        ],
        "nixpkgs": [
          "qshell",
          "doctor-cluster-xilinx",
          "doctor-cluster-config",
          "nixpkgs"
        ],
        "treefmt-nix": [
          "qshell",
          "doctor-cluster-xilinx",
          "doctor-cluster-config",
          "treefmt-nix"
        ]
      },
      "locked": {
        "lastModified": 1778860169,
        "narHash": "sha256-Rjs4MXVEtER1C5XLARnnsdhSNcRawGuLDnMPBqz70Ls=",
        "owner": "Mic92",
        "repo": "tincr",
        "rev": "e30e116a0307f91d0bec161515aa6efacd5b7bc0",
        "type": "github"
      },
      "original": {
        "owner": "Mic92",
        "repo": "tincr",
        "type": "github"
      }
    },
    "treefmt-nix": {
      "inputs": {
        "nixpkgs": [
          "qshell",
          "doctor-cluster-xilinx",
          "doctor-cluster-config",
          "nixpkgs"
        ]
      },
      "locked": {
        "lastModified": 1780220602,
        "narHash": "sha256-eynAfOmbmxJnkp7YewvCEbShNnnYJ9gLLqkzsYtBPeM=",
        "owner": "numtide",
        "repo": "treefmt-nix",
        "rev": "db947814a175b7ca6ded66e21383d938df01c227",
        "type": "github"
      },
      "original": {
        "owner": "numtide",
        "repo": "treefmt-nix",
        "type": "github"
      }
    },
    "treefmt-nix_2": {
      "inputs": {
        "nixpkgs": [
          "qshell",
          "nixpkgs"
        ]
      },
      "locked": {
        "lastModified": 1785360170,
        "narHash": "sha256-XE1lKgQ3eIO3E7zWryqcRsax+mYXod/5RHBn4YaR9YE=",
        "owner": "numtide",
        "repo": "treefmt-nix",
        "rev": "d1187f8bc71fb8aab02395869ec3f5c1920f75c0",
        "type": "github"
      },
      "original": {
        "owner": "numtide",
        "repo": "treefmt-nix",
        "type": "github"
      }
    },
    "treefmt-nix_3": {
      "inputs": {
        "nixpkgs": [
          "qshell",
          "xdb",
          "nixpkgs"
        ]
      },
      "locked": {
        "lastModified": 1786901030,
        "narHash": "sha256-WSFCsDSE5ffgD2MqzkM2CYjeFiKhRF/dJUN8uedb6YE=",
        "owner": "numtide",
        "repo": "treefmt-nix",
        "rev": "27b3b12a8e6375f28ebe122f07d230ca5459bbfa",
        "type": "github"
      },
      "original": {
        "owner": "numtide",
        "repo": "treefmt-nix",
        "type": "github"
      }
    },
    "treefmt-nix_4": {
      "inputs": {
        "nixpkgs": [
          "nixpkgs"
        ]
      },
      "locked": {
        "lastModified": 1785360170,
        "narHash": "sha256-XE1lKgQ3eIO3E7zWryqcRsax+mYXod/5RHBn4YaR9YE=",
        "owner": "numtide",
        "repo": "treefmt-nix",
        "rev": "d1187f8bc71fb8aab02395869ec3f5c1920f75c0",
        "type": "github"
      },
      "original": {
        "owner": "numtide",
        "repo": "treefmt-nix",
        "type": "github"
      }
    },
    "tribuchet": {
      "inputs": {
        "crane": [
          "qshell",
          "doctor-cluster-xilinx",
          "doctor-cluster-config",
          "crane"
        ],
        "nix-darwin": "nix-darwin_3",
        "nixpkgs": [
          "qshell",
          "doctor-cluster-xilinx",
          "doctor-cluster-config",
          "nixpkgs"
        ]
      },
      "locked": {
        "lastModified": 1782309316,
        "narHash": "sha256-vbT1WCBNZJlKvvnKMXbrNMqe73e/+AVKsXYzy0jKur4=",
        "owner": "Mic92",
        "repo": "tribuchet",
        "rev": "b4a7007f9e546cdee5214de7e1394b11f6e47d35",
        "type": "github"
      },
      "original": {
        "owner": "Mic92",
        "repo": "tribuchet",
        "type": "github"
      }
    },
    "uv2nix": {
      "inputs": {
        "nixpkgs": [
          "qshell",
          "xdb",
          "nixpkgs"
        ],
        "pyproject-nix": [
          "qshell",
          "xdb",
          "pyproject-nix"
        ]
      },
      "locked": {
        "lastModified": 1786615403,
        "narHash": "sha256-U++y7nM/6xiEcWI7q4fQoPZjPvRaTwkSqzBOVoEBjUE=",
        "owner": "pyproject-nix",
        "repo": "uv2nix",
        "rev": "4b59abb2ae1896d2a0e1abfc47fbc9bf985ea730",
        "type": "github"
      },
      "original": {
        "owner": "pyproject-nix",
        "repo": "uv2nix",
        "type": "github"
      }
    },
    "xdb": {
      "inputs": {
        "flake-utils": [
          "qshell",
          "flake-utils"
        ],
        "nixpkgs": [
          "qshell",
          "nixpkgs"
        ],
        "pyproject-build-systems": "pyproject-build-systems",
        "pyproject-nix": "pyproject-nix",
        "treefmt-nix": "treefmt-nix_3",
        "uv2nix": "uv2nix"
      },
      "locked": {
        "lastModified": 1787566740,
        "narHash": "sha256-O/NshUgIHwm9CsKuTQRwsb+xr7LkLiH9q4LI+QZToUY=",
        "owner": "taugoust",
        "repo": "xdb",
        "rev": "810f97d45525edfec34272939e947abb46baf640",
        "type": "github"
      },
      "original": {
        "owner": "taugoust",
        "repo": "xdb",
        "rev": "810f97d45525edfec34272939e947abb46baf640",
        "type": "github"
      }
    }
  },
  "root": "root",
  "version": 7
}
